
Microsoft Visual Studio Solution File, Format Version 12.00
# Visual Studio Version 17
VisualStudioVersion = 17.1.32421.90
MinimumVisualStudioVersion = 10.0.40219.1
Project("{FAE04EC0-301F-11D3-BF4B-00C04F79EFBC}") = "HomeWork08", "HomeWork08\HomeWork08.csproj", "{2D8ABCB0-A9A6-47C3-95E4-282BAB4369C1}"
EndProject
Global
	GlobalSection(SolutionConfigurationPlatforms) = preSolution
		Debug|Any CPU = Debug|Any CPU
		Release|Any CPU = Release|Any CPU
	EndGlobalSection
	GlobalSection(ProjectConfigurationPlatforms) = postSolution
		{2D8ABCB0-A9A6-47C3-95E4-282BAB4369C1}.Debug|Any CPU.ActiveCfg = Debug|Any CPU
		{2D8ABCB0-A9A6-47C3-95E4-282BAB4369C1}.Debug|Any CPU.Build.0 = Debug|Any CPU
		{2D8ABCB0-A9A6-47C3-95E4-282BAB4369C1}.Release|Any CPU.ActiveCfg = Release|Any CPU
		{2D8ABCB0-A9A6-47C3-95E4-282BAB4369C1}.Release|Any CPU.Build.0 = Release|Any CPU
	EndGlobalSection
	GlobalSection(SolutionProperties) = preSolution
		HideSolutionNode = FALSE
	EndGlobalSection
	GlobalSection(ExtensibilityGlobals) = postSolution
		SolutionGuid = {DF6169AF-6594-4854-8866-A7FA9C2338B0}
	EndGlobalSection
EndGlobal
